{
  "name": "vue-m-region-picker",
  "version": "1.0.4",
  "lockfileVersion": 1,
  "requires": true,
  "dependencies": {
    "dom-event-helper": {
      "version": "0.0.1",
      "resolved": "https://registry.npmjs.org/dom-event-helper/-/dom-event-helper-0.0.1.tgz",
      "integrity": "sha1-149wPAn3tXoozGbNbjSbnC2JXRU="
    },
    "super-animation": {
      "version": "0.0.6",
      "resolved": "https://registry.npmjs.org/super-animation/-/super-animation-0.0.6.tgz",
      "integrity": "sha1-d47ceFP5O8DPbM8UsqCqr0lonUo="
    },
    "super-event": {
      "version": "0.0.1",
      "resolved": "https://registry.npmjs.org/super-event/-/super-event-0.0.1.tgz",
      "integrity": "sha1-yJK2fz5aqr2LPow3zXA7Quazocg="
    },
    "super-touch": {
      "version": "0.0.5",
      "resolved": "https://registry.npmjs.org/super-touch/-/super-touch-0.0.5.tgz",
      "integrity": "sha1-NsKRoSwic1pC5s0NTszJn6UzLtw=",
      "requires": {
        "dom-event-helper": "0.0.1",
        "super-event": "0.0.1"
      }
    },
    "vue-m-picker": {
      "version": "1.0.7",
      "resolved": "https://registry.npmjs.org/vue-m-picker/-/vue-m-picker-1.0.7.tgz",
      "integrity": "sha512-hVXEMTtkDRpYQ1w5fHq0sAiwGx6Q+T9EXz4AL7ruj4M0HIkJWSFihaZ2m+hOyqH6+55pVIBlFuWuvYljZRsLVA==",
      "requires": {
        "super-animation": "0.0.6",
        "vue-m-touch": "0.2.3"
      }
    },
    "vue-m-touch": {
      "version": "0.2.3",
      "resolved": "https://registry.npmjs.org/vue-m-touch/-/vue-m-touch-0.2.3.tgz",
      "integrity": "sha1-V1zgf5itGAcSw6rhKoEZ6S5s5aY=",
      "requires": {
        "super-touch": "0.0.5"
      }
    }
  }
}
